
Microsoft Visual Studio Solution File, Format Version 12.00
# Visual Studio Version 16
VisualStudioVersion = 16.0.31025.194
MinimumVisualStudioVersion = 10.0.40219.1
Project("{FAE04EC0-301F-11D3-BF4B-00C04F79EFBC}") = "Separation Timer", "Separation Timer.csproj", "{03276E3B-B9B3-47C7-B7BC-08FB0735BFAE}"
EndProject
Global
	GlobalSection(SolutionConfigurationPlatforms) = preSolution
		Debug|Any CPU = Debug|Any CPU
		Release|Any CPU = Release|Any CPU
	EndGlobalSection
	GlobalSection(ProjectConfigurationPlatforms) = postSolution
		{03276E3B-B9B3-47C7-B7BC-08FB0735BFAE}.Debug|Any CPU.ActiveCfg = Debug|Any CPU
		{03276E3B-B9B3-47C7-B7BC-08FB0735BFAE}.Debug|Any CPU.Build.0 = Debug|Any CPU
		{03276E3B-B9B3-47C7-B7BC-08FB0735BFAE}.Release|Any CPU.ActiveCfg = Release|Any CPU
		{03276E3B-B9B3-47C7-B7BC-08FB0735BFAE}.Release|Any CPU.Build.0 = Release|Any CPU
	EndGlobalSection
	GlobalSection(SolutionProperties) = preSolution
		HideSolutionNode = FALSE
	EndGlobalSection
	GlobalSection(ExtensibilityGlobals) = postSolution
		SolutionGuid = {3FF4C5AE-4E18-4220-9FAC-150E86ADF3AA}
	EndGlobalSection
EndGlobal
